
Microsoft Visual Studio Solution File, Format Version 12.00
# Visual Studio Version 16
VisualStudioVersion = 16.0.30717.126
MinimumVisualStudioVersion = 15.0.26124.0
Project("{9A19103F-16F7-4668-BE54-9A1E7A4F7556}") = "Dotnet-Backend", "samples\dotnet-jwt-auth\Dotnet-Backend.csproj", "{80CBE877-7590-46C4-BEA2-4ED94C715F5F}"
EndProject
Project("{2150E333-8FDC-42A3-9474-1A3956D46DE8}") = "dotnet-jwt-auth", "dotnet-jwt-auth", "{C03C8327-EEE0-4E85-82CB-C46ECD72C103}"
EndProject
Project("{9A19103F-16F7-4668-BE54-9A1E7A4F7556}") = "Dotnet-Backend", "samples\dotnet-backend\Dotnet-Backend.csproj", "{D707D438-4B07-4D39-825C-0FBEDAF02FE7}"
EndProject
Project("{2150E333-8FDC-42A3-9474-1A3956D46DE8}") = "dotnet-backend (base)", "dotnet-backend (base)", "{D28FAE9F-C712-4185-A85B-E2B69A1D277C}"
EndProject
Project("{2150E333-8FDC-42A3-9474-1A3956D46DE8}") = "dotnet-sql-server", "dotnet-sql-server", "{F4EBC994-A394-4FEF-8A18-5582404BBC8E}"
EndProject
Project("{9A19103F-16F7-4668-BE54-9A1E7A4F7556}") = "Dotnet-Backend", "samples\dotnet-sql-server\Dotnet-Backend.csproj", "{3CFADE72-054D-4A59-A313-15AE96C6CFEF}"
EndProject
Project("{2150E333-8FDC-42A3-9474-1A3956D46DE8}") = "dotnet-redis", "dotnet-redis", "{92647B59-CB20-4F46-BB08-805C0A8FBFD5}"
EndProject
Project("{9A19103F-16F7-4668-BE54-9A1E7A4F7556}") = "Dotnet-Backend", "samples\dotnet-redis\Dotnet-Backend.csproj", "{83B19FB9-F399-4076-B40E-DAD85D1B253D}"
EndProject
Project("{9A19103F-16F7-4668-BE54-9A1E7A4F7556}") = "DotNet-Frontend", "samples\identity-azuread\DotNet-Frontend.csproj", "{780724DD-93DB-4C49-939A-B159C3A3D777}"
EndProject
Project("{2150E333-8FDC-42A3-9474-1A3956D46DE8}") = "dotnet-identity-azure", "dotnet-identity-azure", "{1482FACF-A43B-4AB1-8190-52EADAA35DF2}"
EndProject
Global
	GlobalSection(SolutionConfigurationPlatforms) = preSolution
		Debug|Any CPU = Debug|Any CPU
		Debug|x64 = Debug|x64
		Debug|x86 = Debug|x86
		Release|Any CPU = Release|Any CPU
		Release|x64 = Release|x64
		Release|x86 = Release|x86
	EndGlobalSection
	GlobalSection(ProjectConfigurationPlatforms) = postSolution
		{80CBE877-7590-46C4-BEA2-4ED94C715F5F}.Debug|Any CPU.ActiveCfg = Debug|Any CPU
		{80CBE877-7590-46C4-BEA2-4ED94C715F5F}.Debug|Any CPU.Build.0 = Debug|Any CPU
		{80CBE877-7590-46C4-BEA2-4ED94C715F5F}.Debug|x64.ActiveCfg = Debug|Any CPU
		{80CBE877-7590-46C4-BEA2-4ED94C715F5F}.Debug|x64.Build.0 = Debug|Any CPU
		{80CBE877-7590-46C4-BEA2-4ED94C715F5F}.Debug|x86.ActiveCfg = Debug|Any CPU
		{80CBE877-7590-46C4-BEA2-4ED94C715F5F}.Debug|x86.Build.0 = Debug|Any CPU
		{80CBE877-7590-46C4-BEA2-4ED94C715F5F}.Release|Any CPU.ActiveCfg = Release|Any CPU
		{80CBE877-7590-46C4-BEA2-4ED94C715F5F}.Release|Any CPU.Build.0 = Release|Any CPU
		{80CBE877-7590-46C4-BEA2-4ED94C715F5F}.Release|x64.ActiveCfg = Release|Any CPU
		{80CBE877-7590-46C4-BEA2-4ED94C715F5F}.Release|x64.Build.0 = Release|Any CPU
		{80CBE877-7590-46C4-BEA2-4ED94C715F5F}.Release|x86.ActiveCfg = Release|Any CPU
		{80CBE877-7590-46C4-BEA2-4ED94C715F5F}.Release|x86.Build.0 = Release|Any CPU
		{D707D438-4B07-4D39-825C-0FBEDAF02FE7}.Debug|Any CPU.ActiveCfg = Debug|Any CPU
		{D707D438-4B07-4D39-825C-0FBEDAF02FE7}.Debug|Any CPU.Build.0 = Debug|Any CPU
		{D707D438-4B07-4D39-825C-0FBEDAF02FE7}.Debug|x64.ActiveCfg = Debug|Any CPU
		{D707D438-4B07-4D39-825C-0FBEDAF02FE7}.Debug|x64.Build.0 = Debug|Any CPU
		{D707D438-4B07-4D39-825C-0FBEDAF02FE7}.Debug|x86.ActiveCfg = Debug|Any CPU
		{D707D438-4B07-4D39-825C-0FBEDAF02FE7}.Debug|x86.Build.0 = Debug|Any CPU
		{D707D438-4B07-4D39-825C-0FBEDAF02FE7}.Release|Any CPU.ActiveCfg = Release|Any CPU
		{D707D438-4B07-4D39-825C-0FBEDAF02FE7}.Release|Any CPU.Build.0 = Release|Any CPU
		{D707D438-4B07-4D39-825C-0FBEDAF02FE7}.Release|x64.ActiveCfg = Release|Any CPU
		{D707D438-4B07-4D39-825C-0FBEDAF02FE7}.Release|x64.Build.0 = Release|Any CPU
		{D707D438-4B07-4D39-825C-0FBEDAF02FE7}.Release|x86.ActiveCfg = Release|Any CPU
		{D707D438-4B07-4D39-825C-0FBEDAF02FE7}.Release|x86.Build.0 = Release|Any CPU
		{3CFADE72-054D-4A59-A313-15AE96C6CFEF}.Debug|Any CPU.ActiveCfg = Debug|Any CPU
		{3CFADE72-054D-4A59-A313-15AE96C6CFEF}.Debug|Any CPU.Build.0 = Debug|Any CPU
		{3CFADE72-054D-4A59-A313-15AE96C6CFEF}.Debug|x64.ActiveCfg = Debug|Any CPU
		{3CFADE72-054D-4A59-A313-15AE96C6CFEF}.Debug|x64.Build.0 = Debug|Any CPU
		{3CFADE72-054D-4A59-A313-15AE96C6CFEF}.Debug|x86.ActiveCfg = Debug|Any CPU
		{3CFADE72-054D-4A59-A313-15AE96C6CFEF}.Debug|x86.Build.0 = Debug|Any CPU
		{3CFADE72-054D-4A59-A313-15AE96C6CFEF}.Release|Any CPU.ActiveCfg = Release|Any CPU
		{3CFADE72-054D-4A59-A313-15AE96C6CFEF}.Release|Any CPU.Build.0 = Release|Any CPU
		{3CFADE72-054D-4A59-A313-15AE96C6CFEF}.Release|x64.ActiveCfg = Release|Any CPU
		{3CFADE72-054D-4A59-A313-15AE96C6CFEF}.Release|x64.Build.0 = Release|Any CPU
		{3CFADE72-054D-4A59-A313-15AE96C6CFEF}.Release|x86.ActiveCfg = Release|Any CPU
		{3CFADE72-054D-4A59-A313-15AE96C6CFEF}.Release|x86.Build.0 = Release|Any CPU
		{83B19FB9-F399-4076-B40E-DAD85D1B253D}.Debug|Any CPU.ActiveCfg = Debug|Any CPU
		{83B19FB9-F399-4076-B40E-DAD85D1B253D}.Debug|Any CPU.Build.0 = Debug|Any CPU
		{83B19FB9-F399-4076-B40E-DAD85D1B253D}.Debug|x64.ActiveCfg = Debug|Any CPU
		{83B19FB9-F399-4076-B40E-DAD85D1B253D}.Debug|x64.Build.0 = Debug|Any CPU
		{83B19FB9-F399-4076-B40E-DAD85D1B253D}.Debug|x86.ActiveCfg = Debug|Any CPU
		{83B19FB9-F399-4076-B40E-DAD85D1B253D}.Debug|x86.Build.0 = Debug|Any CPU
		{83B19FB9-F399-4076-B40E-DAD85D1B253D}.Release|Any CPU.ActiveCfg = Release|Any CPU
		{83B19FB9-F399-4076-B40E-DAD85D1B253D}.Release|Any CPU.Build.0 = Release|Any CPU
		{83B19FB9-F399-4076-B40E-DAD85D1B253D}.Release|x64.ActiveCfg = Release|Any CPU
		{83B19FB9-F399-4076-B40E-DAD85D1B253D}.Release|x64.Build.0 = Release|Any CPU
		{83B19FB9-F399-4076-B40E-DAD85D1B253D}.Release|x86.ActiveCfg = Release|Any CPU
		{83B19FB9-F399-4076-B40E-DAD85D1B253D}.Release|x86.Build.0 = Release|Any CPU
		{780724DD-93DB-4C49-939A-B159C3A3D777}.Debug|Any CPU.ActiveCfg = Debug|Any CPU
		{780724DD-93DB-4C49-939A-B159C3A3D777}.Debug|Any CPU.Build.0 = Debug|Any CPU
		{780724DD-93DB-4C49-939A-B159C3A3D777}.Debug|x64.ActiveCfg = Debug|Any CPU
		{780724DD-93DB-4C49-939A-B159C3A3D777}.Debug|x64.Build.0 = Debug|Any CPU
		{780724DD-93DB-4C49-939A-B159C3A3D777}.Debug|x86.ActiveCfg = Debug|Any CPU
		{780724DD-93DB-4C49-939A-B159C3A3D777}.Debug|x86.Build.0 = Debug|Any CPU
		{780724DD-93DB-4C49-939A-B159C3A3D777}.Release|Any CPU.ActiveCfg = Release|Any CPU
		{780724DD-93DB-4C49-939A-B159C3A3D777}.Release|Any CPU.Build.0 = Release|Any CPU
		{780724DD-93DB-4C49-939A-B159C3A3D777}.Release|x64.ActiveCfg = Release|Any CPU
		{780724DD-93DB-4C49-939A-B159C3A3D777}.Release|x64.Build.0 = Release|Any CPU
		{780724DD-93DB-4C49-939A-B159C3A3D777}.Release|x86.ActiveCfg = Release|Any CPU
		{780724DD-93DB-4C49-939A-B159C3A3D777}.Release|x86.Build.0 = Release|Any CPU
	EndGlobalSection
	GlobalSection(SolutionProperties) = preSolution
		HideSolutionNode = FALSE
	EndGlobalSection
	GlobalSection(NestedProjects) = preSolution
		{80CBE877-7590-46C4-BEA2-4ED94C715F5F} = {C03C8327-EEE0-4E85-82CB-C46ECD72C103}
		{D707D438-4B07-4D39-825C-0FBEDAF02FE7} = {D28FAE9F-C712-4185-A85B-E2B69A1D277C}
		{3CFADE72-054D-4A59-A313-15AE96C6CFEF} = {F4EBC994-A394-4FEF-8A18-5582404BBC8E}
		{83B19FB9-F399-4076-B40E-DAD85D1B253D} = {92647B59-CB20-4F46-BB08-805C0A8FBFD5}
		{780724DD-93DB-4C49-939A-B159C3A3D777} = {1482FACF-A43B-4AB1-8190-52EADAA35DF2}
	EndGlobalSection
	GlobalSection(ExtensibilityGlobals) = postSolution
		SolutionGuid = {D08087CC-2F6A-4001-846D-94511DB84D88}
	EndGlobalSection
EndGlobal
